
Microsoft Visual Studio Solution File, Format Version 12.00
# Visual Studio Version 17
VisualStudioVersion = 17.6.33829.357
MinimumVisualStudioVersion = 10.0.40219.1
Project("{9A19103F-16F7-4668-BE54-9A1E7A4F7556}") = "GatewayService", "GatewayService\GatewayService.csproj", "{30332FF4-828A-4A35-8AA7-F6DFF22EE166}"
EndProject
Project("{9A19103F-16F7-4668-BE54-9A1E7A4F7556}") = "ProductService", "ProductService\ProductService.csproj", "{7ACE9017-2F30-4905-8035-ADBE945C85CA}"
EndProject
Global
	GlobalSection(SolutionConfigurationPlatforms) = preSolution
		Debug|Any CPU = Debug|Any CPU
		Release|Any CPU = Release|Any CPU
	EndGlobalSection
	GlobalSection(ProjectConfigurationPlatforms) = postSolution
		{30332FF4-828A-4A35-8AA7-F6DFF22EE166}.Debug|Any CPU.ActiveCfg = Debug|Any CPU
		{30332FF4-828A-4A35-8AA7-F6DFF22EE166}.Debug|Any CPU.Build.0 = Debug|Any CPU
		{30332FF4-828A-4A35-8AA7-F6DFF22EE166}.Release|Any CPU.ActiveCfg = Release|Any CPU
		{30332FF4-828A-4A35-8AA7-F6DFF22EE166}.Release|Any CPU.Build.0 = Release|Any CPU
		{7ACE9017-2F30-4905-8035-ADBE945C85CA}.Debug|Any CPU.ActiveCfg = Debug|Any CPU
		{7ACE9017-2F30-4905-8035-ADBE945C85CA}.Debug|Any CPU.Build.0 = Debug|Any CPU
		{7ACE9017-2F30-4905-8035-ADBE945C85CA}.Release|Any CPU.ActiveCfg = Release|Any CPU
		{7ACE9017-2F30-4905-8035-ADBE945C85CA}.Release|Any CPU.Build.0 = Release|Any CPU
	EndGlobalSection
	GlobalSection(SolutionProperties) = preSolution
		HideSolutionNode = FALSE
	EndGlobalSection
	GlobalSection(ExtensibilityGlobals) = postSolution
		SolutionGuid = {42E27210-813B-4954-AD5E-C9192EAA1314}
	EndGlobalSection
EndGlobal
